
Microsoft Visual Studio Solution File, Format Version 12.00
# Visual Studio 15
VisualStudioVersion = 15.0.26730.12
MinimumVisualStudioVersion = 10.0.40219.1
Project("{FAE04EC0-301F-11D3-BF4B-00C04F79EFBC}") = "dPmax_console", "dPmax\dPmax_console.csproj", "{93BE4496-1B40-4D1D-B034-641B8A0C0C00}"
EndProject
Project("{FAE04EC0-301F-11D3-BF4B-00C04F79EFBC}") = "Catfood.Shapefile", "Catfood.Shapefile\Catfood.Shapefile.csproj", "{2086F1A5-3D34-40AD-80EF-C1943411451F}"
EndProject
Global
	GlobalSection(SolutionConfigurationPlatforms) = preSolution
		Debug|Any CPU = Debug|Any CPU
		Release|Any CPU = Release|Any CPU
	EndGlobalSection
	GlobalSection(ProjectConfigurationPlatforms) = postSolution
		{93BE4496-1B40-4D1D-B034-641B8A0C0C00}.Debug|Any CPU.ActiveCfg = Debug|Any CPU
		{93BE4496-1B40-4D1D-B034-641B8A0C0C00}.Debug|Any CPU.Build.0 = Debug|Any CPU
		{93BE4496-1B40-4D1D-B034-641B8A0C0C00}.Release|Any CPU.ActiveCfg = Release|Any CPU
		{93BE4496-1B40-4D1D-B034-641B8A0C0C00}.Release|Any CPU.Build.0 = Release|Any CPU
		{2086F1A5-3D34-40AD-80EF-C1943411451F}.Debug|Any CPU.ActiveCfg = Debug|Any CPU
		{2086F1A5-3D34-40AD-80EF-C1943411451F}.Debug|Any CPU.Build.0 = Debug|Any CPU
		{2086F1A5-3D34-40AD-80EF-C1943411451F}.Release|Any CPU.ActiveCfg = Release|Any CPU
		{2086F1A5-3D34-40AD-80EF-C1943411451F}.Release|Any CPU.Build.0 = Release|Any CPU
	EndGlobalSection
	GlobalSection(SolutionProperties) = preSolution
		HideSolutionNode = FALSE
	EndGlobalSection
	GlobalSection(ExtensibilityGlobals) = postSolution
		SolutionGuid = {5AD146F6-6FA0-4B25-851C-42CC8BB254D2}
	EndGlobalSection
EndGlobal
